// !$*UTF8*$!
{
	archiveVersion = 1;
	classes = {
	};
	objectVersion = 48;
	objects = {

/* Begin PBXBuildFile section */
		1E135AD420362E0200EC490F /* Fortunes.storyboard in Resources */ = {isa = PBXBuildFile; fileRef = 1E135AD320362E0200EC490F /* Fortunes.storyboard */; };
		1E19FBA3203B5B2800F8C8DD /* Fortunes.xcassets in Resources */ = {isa = PBXBuildFile; fileRef = 1E19FBA2203B5B2800F8C8DD /* Fortunes.xcassets */; };
		1E19FBA5203B5FB800F8C8DD /* FortunesViewController.swift in Sources */ = {isa = PBXBuildFile; fileRef = 1E19FBA4203B5FB800F8C8DD /* FortunesViewController.swift */; };
		1E19FBA7203BA3FA00F8C8DD /* NSDate+RelativeDate.swift in Sources */ = {isa = PBXBuildFile; fileRef = 1E19FBA6203BA3FA00F8C8DD /* NSDate+RelativeDate.swift */; };
		1E1B667F20588AFF00374F8E /* ApplicationFacade.swift in Sources */ = {isa = PBXBuildFile; fileRef = 1E1B667D20588AFF00374F8E /* ApplicationFacade.swift */; };
		1E1B668020588AFF00374F8E /* AssassinLeaperFacade.swift in Sources */ = {isa = PBXBuildFile; fileRef = 1E1B667E20588AFF00374F8E /* AssassinLeaperFacade.swift */; };
		C5B941D8202E6B9F000756B0 /* AppDelegate.swift in Sources */ = {isa = PBXBuildFile; fileRef = C5B941D7202E6B9F000756B0 /* AppDelegate.swift */; };
		C5B941DA202E6B9F000756B0 /* ViewController.swift in Sources */ = {isa = PBXBuildFile; fileRef = C5B941D9202E6B9F000756B0 /* ViewController.swift */; };
		C5B941DD202E6B9F000756B0 /* Main.storyboard in Resources */ = {isa = PBXBuildFile; fileRef = C5B941DB202E6B9F000756B0 /* Main.storyboard */; };
		C5B941DF202E6B9F000756B0 /* Assets.xcassets in Resources */ = {isa = PBXBuildFile; fileRef = C5B941DE202E6B9F000756B0 /* Assets.xcassets */; };
		C5B941E2202E6B9F000756B0 /* LaunchScreen.storyboard in Resources */ = {isa = PBXBuildFile; fileRef = C5B941E0202E6B9F000756B0 /* LaunchScreen.storyboard */; };
		C5B941ED202E6B9F000756B0 /* horoscopeclient1Tests.swift in Sources */ = {isa = PBXBuildFile; fileRef = C5B941EC202E6B9F000756B0 /* horoscopeclient1Tests.swift */; };
		C5B941F8202E6B9F000756B0 /* horoscopeclient1UITests.swift in Sources */ = {isa = PBXBuildFile; fileRef = C5B941F7202E6B9F000756B0 /* horoscopeclient1UITests.swift */; };
		C5B94206202E6BB4000756B0 /* Cartfile in Resources */ = {isa = PBXBuildFile; fileRef = C5B94205202E6BB3000756B0 /* Cartfile */; };
		C5B9421B202E7279000756B0 /* Constants.swift in Sources */ = {isa = PBXBuildFile; fileRef = C5B94208202E7278000756B0 /* Constants.swift */; };
		C5B9421C202E7279000756B0 /* Configs.swift in Sources */ = {isa = PBXBuildFile; fileRef = C5B94209202E7278000756B0 /* Configs.swift */; };
		C5B9421D202E7279000756B0 /* Color.swift in Sources */ = {isa = PBXBuildFile; fileRef = C5B9420A202E7278000756B0 /* Color.swift */; };
		C5B9421E202E7279000756B0 /* RealmManager.swift in Sources */ = {isa = PBXBuildFile; fileRef = C5B9420C202E7278000756B0 /* RealmManager.swift */; };
		C5B9421F202E7279000756B0 /* WebServicesManager.swift in Sources */ = {isa = PBXBuildFile; fileRef = C5B9420D202E7278000756B0 /* WebServicesManager.swift */; };
		C5B94220202E7279000756B0 /* LinkPara.m in Sources */ = {isa = PBXBuildFile; fileRef = C5B94210202E7278000756B0 /* LinkPara.m */; };
		C5B94221202E7279000756B0 /* AppDataSocketConnector.m in Sources */ = {isa = PBXBuildFile; fileRef = C5B94212202E7278000756B0 /* AppDataSocketConnector.m */; };
		C5B94222202E7279000756B0 /* LinkParaDev.m in Sources */ = {isa = PBXBuildFile; fileRef = C5B94215202E7278000756B0 /* LinkParaDev.m */; };
		C5B94223202E7279000756B0 /* KeychainPasswordItem.swift in Sources */ = {isa = PBXBuildFile; fileRef = C5B94217202E7278000756B0 /* KeychainPasswordItem.swift */; };
		C5B94224202E7279000756B0 /* CYWebHandler.m in Sources */ = {isa = PBXBuildFile; fileRef = C5B9421A202E7278000756B0 /* CYWebHandler.m */; };
		C5B9422B202E7431000756B0 /* SwiftyJSON.framework in Frameworks */ = {isa = PBXBuildFile; fileRef = C5B94225202E7430000756B0 /* SwiftyJSON.framework */; };
		C5B9422C202E7431000756B0 /* SwiftyJSON.framework in Embed Frameworks */ = {isa = PBXBuildFile; fileRef = C5B94225202E7430000756B0 /* SwiftyJSON.framework */; settings = {ATTRIBUTES = (CodeSignOnCopy, RemoveHeadersOnCopy, ); }; };
		C5B9422D202E7431000756B0 /* Realm.framework in Frameworks */ = {isa = PBXBuildFile; fileRef = C5B94226202E7430000756B0 /* Realm.framework */; };
		C5B9422E202E7431000756B0 /* Realm.framework in Embed Frameworks */ = {isa = PBXBuildFile; fileRef = C5B94226202E7430000756B0 /* Realm.framework */; settings = {ATTRIBUTES = (CodeSignOnCopy, RemoveHeadersOnCopy, ); }; };
		C5B9422F202E7431000756B0 /* Amplitude.framework in Frameworks */ = {isa = PBXBuildFile; fileRef = C5B94227202E7430000756B0 /* Amplitude.framework */; };
		C5B94230202E7431000756B0 /* Amplitude.framework in Embed Frameworks */ = {isa = PBXBuildFile; fileRef = C5B94227202E7430000756B0 /* Amplitude.framework */; settings = {ATTRIBUTES = (CodeSignOnCopy, RemoveHeadersOnCopy, ); }; };
		C5B94231202E7431000756B0 /* Alamofire.framework in Frameworks */ = {isa = PBXBuildFile; fileRef = C5B94228202E7431000756B0 /* Alamofire.framework */; };
		C5B94232202E7431000756B0 /* Alamofire.framework in Embed Frameworks */ = {isa = PBXBuildFile; fileRef = C5B94228202E7431000756B0 /* Alamofire.framework */; settings = {ATTRIBUTES = (CodeSignOnCopy, RemoveHeadersOnCopy, ); }; };
		C5B94233202E7431000756B0 /* Reachability.framework in Frameworks */ = {isa = PBXBuildFile; fileRef = C5B94229202E7431000756B0 /* Reachability.framework */; };
		C5B94234202E7431000756B0 /* Reachability.framework in Embed Frameworks */ = {isa = PBXBuildFile; fileRef = C5B94229202E7431000756B0 /* Reachability.framework */; settings = {ATTRIBUTES = (CodeSignOnCopy, RemoveHeadersOnCopy, ); }; };
		C5B94235202E7431000756B0 /* RealmSwift.framework in Frameworks */ = {isa = PBXBuildFile; fileRef = C5B9422A202E7431000756B0 /* RealmSwift.framework */; };
		C5B94236202E7431000756B0 /* RealmSwift.framework in Embed Frameworks */ = {isa = PBXBuildFile; fileRef = C5B9422A202E7431000756B0 /* RealmSwift.framework */; settings = {ATTRIBUTES = (CodeSignOnCopy, RemoveHeadersOnCopy, ); }; };
		C5B94241202E770C000756B0 /* UICollectionView+IndexPath.swift in Sources */ = {isa = PBXBuildFile; fileRef = C5B9423D202E770C000756B0 /* UICollectionView+IndexPath.swift */; };
		C5B94242202E770C000756B0 /* UIColor.swift in Sources */ = {isa = PBXBuildFile; fileRef = C5B9423E202E770C000756B0 /* UIColor.swift */; };
		C5B94243202E770D000756B0 /* URL.swift in Sources */ = {isa = PBXBuildFile; fileRef = C5B9423F202E770C000756B0 /* URL.swift */; };
		C5B94244202E770D000756B0 /* UIImageView.swift in Sources */ = {isa = PBXBuildFile; fileRef = C5B94240202E770C000756B0 /* UIImageView.swift */; };
		C5B9424B202E7719000756B0 /* BaseViewController.swift in Sources */ = {isa = PBXBuildFile; fileRef = C5B94245202E7719000756B0 /* BaseViewController.swift */; };
		C5B9424C202E7719000756B0 /* WebViewController.swift in Sources */ = {isa = PBXBuildFile; fileRef = C5B94246202E7719000756B0 /* WebViewController.swift */; };
		C5B9424D202E7719000756B0 /* BaseNavigationController.swift in Sources */ = {isa = PBXBuildFile; fileRef = C5B94247202E7719000756B0 /* BaseNavigationController.swift */; };
		C5B9424E202E7719000756B0 /* BaseTabBarController.swift in Sources */ = {isa = PBXBuildFile; fileRef = C5B94248202E7719000756B0 /* BaseTabBarController.swift */; };
		C5B9424F202E7719000756B0 /* BaseCollectionViewCell.swift in Sources */ = {isa = PBXBuildFile; fileRef = C5B94249202E7719000756B0 /* BaseCollectionViewCell.swift */; };
		C5B94250202E7719000756B0 /* BaseTableViewCell.swift in Sources */ = {isa = PBXBuildFile; fileRef = C5B9424A202E7719000756B0 /* BaseTableViewCell.swift */; };
		C5B9425D202E7931000756B0 /* ContainerViewOneController.swift in Sources */ = {isa = PBXBuildFile; fileRef = C5B94252202E7930000756B0 /* ContainerViewOneController.swift */; };
		C5B9425E202E7931000756B0 /* Constellation.swift in Sources */ = {isa = PBXBuildFile; fileRef = C5B94253202E7931000756B0 /* Constellation.swift */; };
		C5B9425F202E7931000756B0 /* Constellations.xcassets in Resources */ = {isa = PBXBuildFile; fileRef = C5B94254202E7931000756B0 /* Constellations.xcassets */; };
		C5B94260202E7931000756B0 /* DetailsViewController.swift in Sources */ = {isa = PBXBuildFile; fileRef = C5B94255202E7931000756B0 /* DetailsViewController.swift */; };
		C5B94261202E7931000756B0 /* ConstellationDetailsCell.xib in Resources */ = {isa = PBXBuildFile; fileRef = C5B94256202E7931000756B0 /* ConstellationDetailsCell.xib */; };
		C5B94262202E7931000756B0 /* ConstellationDetailsCell.swift in Sources */ = {isa = PBXBuildFile; fileRef = C5B94257202E7931000756B0 /* ConstellationDetailsCell.swift */; };
		C5B94263202E7931000756B0 /* ContainerViewTwoController.swift in Sources */ = {isa = PBXBuildFile; fileRef = C5B94258202E7931000756B0 /* ContainerViewTwoController.swift */; };
		C5B94264202E7931000756B0 /* ConstellationCell.swift in Sources */ = {isa = PBXBuildFile; fileRef = C5B94259202E7931000756B0 /* ConstellationCell.swift */; };
		C5B94265202E7931000756B0 /* Constellations.storyboard in Resources */ = {isa = PBXBuildFile; fileRef = C5B9425A202E7931000756B0 /* Constellations.storyboard */; };
		C5B94266202E7931000756B0 /* ConstellationsViewController.swift in Sources */ = {isa = PBXBuildFile; fileRef = C5B9425B202E7931000756B0 /* ConstellationsViewController.swift */; };
		C5B94267202E7931000756B0 /* ContainerViewThreeController.swift in Sources */ = {isa = PBXBuildFile; fileRef = C5B9425C202E7931000756B0 /* ContainerViewThreeController.swift */; };
/* End PBXBuildFile section */

/* Begin PBXContainerItemProxy section */
		C5B941E9202E6B9F000756B0 /* PBXContainerItemProxy */ = {
			isa = PBXContainerItemProxy;
			containerPortal = C5B941CC202E6B9F000756B0 /* Project object */;
			proxyType = 1;
			remoteGlobalIDString = C5B941D3202E6B9F000756B0;
			remoteInfo = horoscopeclient1;
		};
		C5B941F4202E6B9F000756B0 /* PBXContainerItemProxy */ = {
			isa = PBXContainerItemProxy;
			containerPortal = C5B941CC202E6B9F000756B0 /* Project object */;
			proxyType = 1;
			remoteGlobalIDString = C5B941D3202E6B9F000756B0;
			remoteInfo = horoscopeclient1;
		};
/* End PBXContainerItemProxy section */

/* Begin PBXCopyFilesBuildPhase section */
		C5B94237202E7431000756B0 /* Embed Frameworks */ = {
			isa = PBXCopyFilesBuildPhase;
			buildActionMask = 2147483647;
			dstPath = "";
			dstSubfolderSpec = 10;
			files = (
				C5B9422E202E7431000756B0 /* Realm.framework in Embed Frameworks */,
				C5B9422C202E7431000756B0 /* SwiftyJSON.framework in Embed Frameworks */,
				C5B94236202E7431000756B0 /* RealmSwift.framework in Embed Frameworks */,
				C5B94234202E7431000756B0 /* Reachability.framework in Embed Frameworks */,
				C5B94230202E7431000756B0 /* Amplitude.framework in Embed Frameworks */,
				C5B94232202E7431000756B0 /* Alamofire.framework in Embed Frameworks */,
			);
			name = "Embed Frameworks";
			runOnlyForDeploymentPostprocessing = 0;
		};
/* End PBXCopyFilesBuildPhase section */

/* Begin PBXFileReference section */
		1E135AD320362E0200EC490F /* Fortunes.storyboard */ = {isa = PBXFileReference; lastKnownFileType = file.storyboard; path = Fortunes.storyboard; sourceTree = "<group>"; };
		1E19FBA2203B5B2800F8C8DD /* Fortunes.xcassets */ = {isa = PBXFileReference; lastKnownFileType = folder.assetcatalog; path = Fortunes.xcassets; sourceTree = "<group>"; };
		1E19FBA4203B5FB800F8C8DD /* FortunesViewController.swift */ = {isa = PBXFileReference; lastKnownFileType = sourcecode.swift; path = FortunesViewController.swift; sourceTree = "<group>"; };
		1E19FBA6203BA3FA00F8C8DD /* NSDate+RelativeDate.swift */ = {isa = PBXFileReference; lastKnownFileType = sourcecode.swift; path = "NSDate+RelativeDate.swift"; sourceTree = "<group>"; };
		1E1B667D20588AFF00374F8E /* ApplicationFacade.swift */ = {isa = PBXFileReference; fileEncoding = 4; lastKnownFileType = sourcecode.swift; path = ApplicationFacade.swift; sourceTree = "<group>"; };
		1E1B667E20588AFF00374F8E /* AssassinLeaperFacade.swift */ = {isa = PBXFileReference; fileEncoding = 4; lastKnownFileType = sourcecode.swift; path = AssassinLeaperFacade.swift; sourceTree = "<group>"; };
		C5B941D4202E6B9F000756B0 /* horoscopeclient1.app */ = {isa = PBXFileReference; explicitFileType = wrapper.application; includeInIndex = 0; path = horoscopeclient1.app; sourceTree = BUILT_PRODUCTS_DIR; };
		C5B941D7202E6B9F000756B0 /* AppDelegate.swift */ = {isa = PBXFileReference; lastKnownFileType = sourcecode.swift; path = AppDelegate.swift; sourceTree = "<group>"; };
		C5B941D9202E6B9F000756B0 /* ViewController.swift */ = {isa = PBXFileReference; lastKnownFileType = sourcecode.swift; path = ViewController.swift; sourceTree = "<group>"; };
		C5B941DC202E6B9F000756B0 /* Base */ = {isa = PBXFileReference; lastKnownFileType = file.storyboard; name = Base; path = Base.lproj/Main.storyboard; sourceTree = "<group>"; };
		C5B941DE202E6B9F000756B0 /* Assets.xcassets */ = {isa = PBXFileReference; lastKnownFileType = folder.assetcatalog; path = Assets.xcassets; sourceTree = "<group>"; };
		C5B941E1202E6B9F000756B0 /* Base */ = {isa = PBXFileReference; lastKnownFileType = file.storyboard; name = Base; path = Base.lproj/LaunchScreen.storyboard; sourceTree = "<group>"; };
		C5B941E3202E6B9F000756B0 /* Info.plist */ = {isa = PBXFileReference; lastKnownFileType = text.plist.xml; path = Info.plist; sourceTree = "<group>"; };
		C5B941E8202E6B9F000756B0 /* horoscopeclient1Tests.xctest */ = {isa = PBXFileReference; explicitFileType = wrapper.cfbundle; includeInIndex = 0; path = horoscopeclient1Tests.xctest; sourceTree = BUILT_PRODUCTS_DIR; };
		C5B941EC202E6B9F000756B0 /* horoscopeclient1Tests.swift */ = {isa = PBXFileReference; lastKnownFileType = sourcecode.swift; path = horoscopeclient1Tests.swift; sourceTree = "<group>"; };
		C5B941EE202E6B9F000756B0 /* Info.plist */ = {isa = PBXFileReference; lastKnownFileType = text.plist.xml; path = Info.plist; sourceTree = "<group>"; };
		C5B941F3202E6B9F000756B0 /* horoscopeclient1UITests.xctest */ = {isa = PBXFileReference; explicitFileType = wrapper.cfbundle; includeInIndex = 0; path = horoscopeclient1UITests.xctest; sourceTree = BUILT_PRODUCTS_DIR; };
		C5B941F7202E6B9F000756B0 /* horoscopeclient1UITests.swift */ = {isa = PBXFileReference; lastKnownFileType = sourcecode.swift; path = horoscopeclient1UITests.swift; sourceTree = "<group>"; };
		C5B941F9202E6B9F000756B0 /* Info.plist */ = {isa = PBXFileReference; lastKnownFileType = text.plist.xml; path = Info.plist; sourceTree = "<group>"; };
		C5B94205202E6BB3000756B0 /* Cartfile */ = {isa = PBXFileReference; fileEncoding = 4; lastKnownFileType = text; path = Cartfile; sourceTree = "<group>"; };
		C5B94208202E7278000756B0 /* Constants.swift */ = {isa = PBXFileReference; fileEncoding = 4; lastKnownFileType = sourcecode.swift; path = Constants.swift; sourceTree = "<group>"; };
		C5B94209202E7278000756B0 /* Configs.swift */ = {isa = PBXFileReference; fileEncoding = 4; lastKnownFileType = sourcecode.swift; path = Configs.swift; sourceTree = "<group>"; };
		C5B9420A202E7278000756B0 /* Color.swift */ = {isa = PBXFileReference; fileEncoding = 4; lastKnownFileType = sourcecode.swift; path = Color.swift; sourceTree = "<group>"; };
		C5B9420C202E7278000756B0 /* RealmManager.swift */ = {isa = PBXFileReference; fileEncoding = 4; lastKnownFileType = sourcecode.swift; path = RealmManager.swift; sourceTree = "<group>"; };
		C5B9420D202E7278000756B0 /* WebServicesManager.swift */ = {isa = PBXFileReference; fileEncoding = 4; lastKnownFileType = sourcecode.swift; path = WebServicesManager.swift; sourceTree = "<group>"; };
		C5B94210202E7278000756B0 /* LinkPara.m */ = {isa = PBXFileReference; fileEncoding = 4; lastKnownFileType = sourcecode.c.objc; path = LinkPara.m; sourceTree = "<group>"; };
		C5B94211202E7278000756B0 /* LinkParaDev.h */ = {isa = PBXFileReference; fileEncoding = 4; lastKnownFileType = sourcecode.c.h; path = LinkParaDev.h; sourceTree = "<group>"; };
		C5B94212202E7278000756B0 /* AppDataSocketConnector.m */ = {isa = PBXFileReference; fileEncoding = 4; lastKnownFileType = sourcecode.c.objc; path = AppDataSocketConnector.m; sourceTree = "<group>"; };
		C5B94213202E7278000756B0 /* LinkPara.h */ = {isa = PBXFileReference; fileEncoding = 4; lastKnownFileType = sourcecode.c.h; path = LinkPara.h; sourceTree = "<group>"; };
		C5B94214202E7278000756B0 /* AppDataSocketDelegate.h */ = {isa = PBXFileReference; fileEncoding = 4; lastKnownFileType = sourcecode.c.h; path = AppDataSocketDelegate.h; sourceTree = "<group>"; };
		C5B94215202E7278000756B0 /* LinkParaDev.m */ = {isa = PBXFileReference; fileEncoding = 4; lastKnownFileType = sourcecode.c.objc; path = LinkParaDev.m; sourceTree = "<group>"; };
		C5B94216202E7278000756B0 /* AppDataSocketConnector.h */ = {isa = PBXFileReference; fileEncoding = 4; lastKnownFileType = sourcecode.c.h; path = AppDataSocketConnector.h; sourceTree = "<group>"; };
		C5B94217202E7278000756B0 /* KeychainPasswordItem.swift */ = {isa = PBXFileReference; fileEncoding = 4; lastKnownFileType = sourcecode.swift; path = KeychainPasswordItem.swift; sourceTree = "<group>"; };
		C5B94219202E7278000756B0 /* CYWebHandler.h */ = {isa = PBXFileReference; fileEncoding = 4; lastKnownFileType = sourcecode.c.h; path = CYWebHandler.h; sourceTree = "<group>"; };
		C5B9421A202E7278000756B0 /* CYWebHandler.m */ = {isa = PBXFileReference; fileEncoding = 4; lastKnownFileType = sourcecode.c.objc; path = CYWebHandler.m; sourceTree = "<group>"; };
		C5B94225202E7430000756B0 /* SwiftyJSON.framework */ = {isa = PBXFileReference; lastKnownFileType = wrapper.framework; name = SwiftyJSON.framework; path = Carthage/Build/iOS/SwiftyJSON.framework; sourceTree = "<group>"; };
		C5B94226202E7430000756B0 /* Realm.framework */ = {isa = PBXFileReference; lastKnownFileType = wrapper.framework; name = Realm.framework; path = Carthage/Build/iOS/Realm.framework; sourceTree = "<group>"; };
		C5B94227202E7430000756B0 /* Amplitude.framework */ = {isa = PBXFileReference; lastKnownFileType = wrapper.framework; name = Amplitude.framework; path = Carthage/Build/iOS/Amplitude.framework; sourceTree = "<group>"; };
		C5B94228202E7431000756B0 /* Alamofire.framework */ = {isa = PBXFileReference; lastKnownFileType = wrapper.framework; name = Alamofire.framework; path = Carthage/Build/iOS/Alamofire.framework; sourceTree = "<group>"; };
		C5B94229202E7431000756B0 /* Reachability.framework */ = {isa = PBXFileReference; lastKnownFileType = wrapper.framework; name = Reachability.framework; path = Carthage/Build/iOS/Reachability.framework; sourceTree = "<group>"; };
		C5B9422A202E7431000756B0 /* RealmSwift.framework */ = {isa = PBXFileReference; lastKnownFileType = wrapper.framework; name = RealmSwift.framework; path = Carthage/Build/iOS/RealmSwift.framework; sourceTree = "<group>"; };
		C5B9423A202E7666000756B0 /* horoscopeclient1.entitlements */ = {isa = PBXFileReference; lastKnownFileType = text.plist.entitlements; path = horoscopeclient1.entitlements; sourceTree = "<group>"; };
		C5B9423D202E770C000756B0 /* UICollectionView+IndexPath.swift */ = {isa = PBXFileReference; fileEncoding = 4; lastKnownFileType = sourcecode.swift; path = "UICollectionView+IndexPath.swift"; sourceTree = "<group>"; };
		C5B9423E202E770C000756B0 /* UIColor.swift */ = {isa = PBXFileReference; fileEncoding = 4; lastKnownFileType = sourcecode.swift; path = UIColor.swift; sourceTree = "<group>"; };
		C5B9423F202E770C000756B0 /* URL.swift */ = {isa = PBXFileReference; fileEncoding = 4; lastKnownFileType = sourcecode.swift; path = URL.swift; sourceTree = "<group>"; };
		C5B94240202E770C000756B0 /* UIImageView.swift */ = {isa = PBXFileReference; fileEncoding = 4; lastKnownFileType = sourcecode.swift; path = UIImageView.swift; sourceTree = "<group>"; };
		C5B94245202E7719000756B0 /* BaseViewController.swift */ = {isa = PBXFileReference; fileEncoding = 4; lastKnownFileType = sourcecode.swift; path = BaseViewController.swift; sourceTree = "<group>"; };
		C5B94246202E7719000756B0 /* WebViewController.swift */ = {isa = PBXFileReference; fileEncoding = 4; lastKnownFileType = sourcecode.swift; path = WebViewController.swift; sourceTree = "<group>"; };
		C5B94247202E7719000756B0 /* BaseNavigationController.swift */ = {isa = PBXFileReference; fileEncoding = 4; lastKnownFileType = sourcecode.swift; path = BaseNavigationController.swift; sourceTree = "<group>"; };
		C5B94248202E7719000756B0 /* BaseTabBarController.swift */ = {isa = PBXFileReference; fileEncoding = 4; lastKnownFileType = sourcecode.swift; path = BaseTabBarController.swift; sourceTree = "<group>"; };
		C5B94249202E7719000756B0 /* BaseCollectionViewCell.swift */ = {isa = PBXFileReference; fileEncoding = 4; lastKnownFileType = sourcecode.swift; path = BaseCollectionViewCell.swift; sourceTree = "<group>"; };
		C5B9424A202E7719000756B0 /* BaseTableViewCell.swift */ = {isa = PBXFileReference; fileEncoding = 4; lastKnownFileType = sourcecode.swift; path = BaseTableViewCell.swift; sourceTree = "<group>"; };
		C5B94252202E7930000756B0 /* ContainerViewOneController.swift */ = {isa = PBXFileReference; fileEncoding = 4; lastKnownFileType = sourcecode.swift; path = ContainerViewOneController.swift; sourceTree = "<group>"; };
		C5B94253202E7931000756B0 /* Constellation.swift */ = {isa = PBXFileReference; fileEncoding = 4; lastKnownFileType = sourcecode.swift; path = Constellation.swift; sourceTree = "<group>"; };
		C5B94254202E7931000756B0 /* Constellations.xcassets */ = {isa = PBXFileReference; lastKnownFileType = folder.assetcatalog; path = Constellations.xcassets; sourceTree = "<group>"; };
		C5B94255202E7931000756B0 /* DetailsViewController.swift */ = {isa = PBXFileReference; fileEncoding = 4; lastKnownFileType = sourcecode.swift; path = DetailsViewController.swift; sourceTree = "<group>"; };
		C5B94256202E7931000756B0 /* ConstellationDetailsCell.xib */ = {isa = PBXFileReference; fileEncoding = 4; lastKnownFileType = file.xib; path = ConstellationDetailsCell.xib; sourceTree = "<group>"; };
		C5B94257202E7931000756B0 /* ConstellationDetailsCell.swift */ = {isa = PBXFileReference; fileEncoding = 4; lastKnownFileType = sourcecode.swift; path = ConstellationDetailsCell.swift; sourceTree = "<group>"; };
		C5B94258202E7931000756B0 /* ContainerViewTwoController.swift */ = {isa = PBXFileReference; fileEncoding = 4; lastKnownFileType = sourcecode.swift; path = ContainerViewTwoController.swift; sourceTree = "<group>"; };
		C5B94259202E7931000756B0 /* ConstellationCell.swift */ = {isa = PBXFileReference; fileEncoding = 4; lastKnownFileType = sourcecode.swift; path = ConstellationCell.swift; sourceTree = "<group>"; };
		C5B9425A202E7931000756B0 /* Constellations.storyboard */ = {isa = PBXFileReference; fileEncoding = 4; lastKnownFileType = file.storyboard; path = Constellations.storyboard; sourceTree = "<group>"; };
		C5B9425B202E7931000756B0 /* ConstellationsViewController.swift */ = {isa = PBXFileReference; fileEncoding = 4; lastKnownFileType = sourcecode.swift; path = ConstellationsViewController.swift; sourceTree = "<group>"; };
		C5B9425C202E7931000756B0 /* ContainerViewThreeController.swift */ = {isa = PBXFileReference; fileEncoding = 4; lastKnownFileType = sourcecode.swift; path = ContainerViewThreeController.swift; sourceTree = "<group>"; };
/* End PBXFileReference section */

/* Begin PBXFrameworksBuildPhase section */
		C5B941D1202E6B9F000756B0 /* Frameworks */ = {
			isa = PBXFrameworksBuildPhase;
			buildActionMask = 2147483647;
			files = (
				C5B9422D202E7431000756B0 /* Realm.framework in Frameworks */,
				C5B9422B202E7431000756B0 /* SwiftyJSON.framework in Frameworks */,
				C5B94235202E7431000756B0 /* RealmSwift.framework in Frameworks */,
				C5B94233202E7431000756B0 /* Reachability.framework in Frameworks */,
				C5B9422F202E7431000756B0 /* Amplitude.framework in Frameworks */,
				C5B94231202E7431000756B0 /* Alamofire.framework in Frameworks */,
			);
			runOnlyForDeploymentPostprocessing = 0;
		};
		C5B941E5202E6B9F000756B0 /* Frameworks */ = {
			isa = PBXFrameworksBuildPhase;
			buildActionMask = 2147483647;
			files = (
			);
			runOnlyForDeploymentPostprocessing = 0;
		};
		C5B941F0202E6B9F000756B0 /* Frameworks */ = {
			isa = PBXFrameworksBuildPhase;
			buildActionMask = 2147483647;
			files = (
			);
			runOnlyForDeploymentPostprocessing = 0;
		};
/* End PBXFrameworksBuildPhase section */

/* Begin PBXGroup section */
		1E135AD220362DEB00EC490F /* Fortunes */ = {
			isa = PBXGroup;
			children = (
				1E135AD320362E0200EC490F /* Fortunes.storyboard */,
				1E19FBA2203B5B2800F8C8DD /* Fortunes.xcassets */,
				1E19FBA4203B5FB800F8C8DD /* FortunesViewController.swift */,
				1E19FBA6203BA3FA00F8C8DD /* NSDate+RelativeDate.swift */,
			);
			path = Fortunes;
			sourceTree = "<group>";
		};
		C5B941CB202E6B9F000756B0 = {
			isa = PBXGroup;
			children = (
				C5B94228202E7431000756B0 /* Alamofire.framework */,
				C5B94227202E7430000756B0 /* Amplitude.framework */,
				C5B94229202E7431000756B0 /* Reachability.framework */,
				C5B94226202E7430000756B0 /* Realm.framework */,
				C5B9422A202E7431000756B0 /* RealmSwift.framework */,
				C5B94225202E7430000756B0 /* SwiftyJSON.framework */,
				C5B94205202E6BB3000756B0 /* Cartfile */,
				C5B94207202E7278000756B0 /* Configs */,
				C5B9420B202E7278000756B0 /* Lib */,
				C5B9420E202E7278000756B0 /* Vendor */,
				C5B941D6202E6B9F000756B0 /* horoscopeclient1 */,
				C5B941EB202E6B9F000756B0 /* horoscopeclient1Tests */,
				C5B941F6202E6B9F000756B0 /* horoscopeclient1UITests */,
				C5B941D5202E6B9F000756B0 /* Products */,
			);
			sourceTree = "<group>";
		};
		C5B941D5202E6B9F000756B0 /* Products */ = {
			isa = PBXGroup;
			children = (
				C5B941D4202E6B9F000756B0 /* horoscopeclient1.app */,
				C5B941E8202E6B9F000756B0 /* horoscopeclient1Tests.xctest */,
				C5B941F3202E6B9F000756B0 /* horoscopeclient1UITests.xctest */,
			);
			name = Products;
			sourceTree = "<group>";
		};
		C5B941D6202E6B9F000756B0 /* horoscopeclient1 */ = {
			isa = PBXGroup;
			children = (
				1E135AD220362DEB00EC490F /* Fortunes */,
				C5B94251202E78F7000756B0 /* Constellations */,
				C5B9423B202E76D2000756B0 /* App */,
				C5B9423A202E7666000756B0 /* horoscopeclient1.entitlements */,
			);
			path = horoscopeclient1;
			sourceTree = "<group>";
		};
		C5B941EB202E6B9F000756B0 /* horoscopeclient1Tests */ = {
			isa = PBXGroup;
			children = (
				C5B941EC202E6B9F000756B0 /* horoscopeclient1Tests.swift */,
				C5B941EE202E6B9F000756B0 /* Info.plist */,
			);
			path = horoscopeclient1Tests;
			sourceTree = "<group>";
		};
		C5B941F6202E6B9F000756B0 /* horoscopeclient1UITests */ = {
			isa = PBXGroup;
			children = (
				C5B941F7202E6B9F000756B0 /* horoscopeclient1UITests.swift */,
				C5B941F9202E6B9F000756B0 /* Info.plist */,
			);
			path = horoscopeclient1UITests;
			sourceTree = "<group>";
		};
		C5B94207202E7278000756B0 /* Configs */ = {
			isa = PBXGroup;
			children = (
				C5B94208202E7278000756B0 /* Constants.swift */,
				C5B94209202E7278000756B0 /* Configs.swift */,
				C5B9420A202E7278000756B0 /* Color.swift */,
			);
			path = Configs;
			sourceTree = "<group>";
		};
		C5B9420B202E7278000756B0 /* Lib */ = {
			isa = PBXGroup;
			children = (
				1E1B667D20588AFF00374F8E /* ApplicationFacade.swift */,
				1E1B667E20588AFF00374F8E /* AssassinLeaperFacade.swift */,
				C5B94217202E7278000756B0 /* KeychainPasswordItem.swift */,
				C5B9420C202E7278000756B0 /* RealmManager.swift */,
				C5B9420D202E7278000756B0 /* WebServicesManager.swift */,
			);
			path = Lib;
			sourceTree = "<group>";
		};
		C5B9420E202E7278000756B0 /* Vendor */ = {
			isa = PBXGroup;
			children = (
				C5B9420F202E7278000756B0 /* WebSocket */,
				C5B94218202E7278000756B0 /* WebHandler */,
			);
			path = Vendor;
			sourceTree = "<group>";
		};
		C5B9420F202E7278000756B0 /* WebSocket */ = {
			isa = PBXGroup;
			children = (
				C5B94210202E7278000756B0 /* LinkPara.m */,
				C5B94211202E7278000756B0 /* LinkParaDev.h */,
				C5B94212202E7278000756B0 /* AppDataSocketConnector.m */,
				C5B94213202E7278000756B0 /* LinkPara.h */,
				C5B94214202E7278000756B0 /* AppDataSocketDelegate.h */,
				C5B94215202E7278000756B0 /* LinkParaDev.m */,
				C5B94216202E7278000756B0 /* AppDataSocketConnector.h */,
			);
			path = WebSocket;
			sourceTree = "<group>";
		};
		C5B94218202E7278000756B0 /* WebHandler */ = {
			isa = PBXGroup;
			children = (
				C5B94219202E7278000756B0 /* CYWebHandler.h */,
				C5B9421A202E7278000756B0 /* CYWebHandler.m */,
			);
			path = WebHandler;
			sourceTree = "<group>";
		};
		C5B9423B202E76D2000756B0 /* App */ = {
			isa = PBXGroup;
			children = (
				C5B941E3202E6B9F000756B0 /* Info.plist */,
				C5B941D7202E6B9F000756B0 /* AppDelegate.swift */,
				C5B94249202E7719000756B0 /* BaseCollectionViewCell.swift */,
				C5B94247202E7719000756B0 /* BaseNavigationController.swift */,
				C5B94248202E7719000756B0 /* BaseTabBarController.swift */,
				C5B9424A202E7719000756B0 /* BaseTableViewCell.swift */,
				C5B94245202E7719000756B0 /* BaseViewController.swift */,
				C5B941D9202E6B9F000756B0 /* ViewController.swift */,
				C5B94246202E7719000756B0 /* WebViewController.swift */,
				C5B941DE202E6B9F000756B0 /* Assets.xcassets */,
				C5B9423C202E770C000756B0 /* Helpers */,
				C5B941E0202E6B9F000756B0 /* LaunchScreen.storyboard */,
				C5B941DB202E6B9F000756B0 /* Main.storyboard */,
			);
			path = App;
			sourceTree = "<group>";
		};
		C5B9423C202E770C000756B0 /* Helpers */ = {
			isa = PBXGroup;
			children = (
				C5B9423D202E770C000756B0 /* UICollectionView+IndexPath.swift */,
				C5B9423E202E770C000756B0 /* UIColor.swift */,
				C5B9423F202E770C000756B0 /* URL.swift */,
				C5B94240202E770C000756B0 /* UIImageView.swift */,
			);
			path = Helpers;
			sourceTree = "<group>";
		};
		C5B94251202E78F7000756B0 /* Constellations */ = {
			isa = PBXGroup;
			children = (
				C5B94253202E7931000756B0 /* Constellation.swift */,
				C5B94259202E7931000756B0 /* ConstellationCell.swift */,
				C5B94257202E7931000756B0 /* ConstellationDetailsCell.swift */,
				C5B94256202E7931000756B0 /* ConstellationDetailsCell.xib */,
				C5B9425A202E7931000756B0 /* Constellations.storyboard */,
				C5B94254202E7931000756B0 /* Constellations.xcassets */,
				C5B9425B202E7931000756B0 /* ConstellationsViewController.swift */,
				C5B94252202E7930000756B0 /* ContainerViewOneController.swift */,
				C5B9425C202E7931000756B0 /* ContainerViewThreeController.swift */,
				C5B94258202E7931000756B0 /* ContainerViewTwoController.swift */,
				C5B94255202E7931000756B0 /* DetailsViewController.swift */,
			);
			path = Constellations;
			sourceTree = "<group>";
		};
/* End PBXGroup section */

/* Begin PBXNativeTarget section */
		C5B941D3202E6B9F000756B0 /* horoscopeclient1 */ = {
			isa = PBXNativeTarget;
			buildConfigurationList = C5B941FC202E6B9F000756B0 /* Build configuration list for PBXNativeTarget "horoscopeclient1" */;
			buildPhases = (
				C5B941D0202E6B9F000756B0 /* Sources */,
				C5B941D1202E6B9F000756B0 /* Frameworks */,
				C5B941D2202E6B9F000756B0 /* Resources */,
				C5B94237202E7431000756B0 /* Embed Frameworks */,
				C5B94238202E7546000756B0 /* ShellScript */,
			);
			buildRules = (
			);
			dependencies = (
			);
			name = horoscopeclient1;
			productName = horoscopeclient1;
			productReference = C5B941D4202E6B9F000756B0 /* horoscopeclient1.app */;
			productType = "com.apple.product-type.application";
		};
		C5B941E7202E6B9F000756B0 /* horoscopeclient1Tests */ = {
			isa = PBXNativeTarget;
			buildConfigurationList = C5B941FF202E6B9F000756B0 /* Build configuration list for PBXNativeTarget "horoscopeclient1Tests" */;
			buildPhases = (
				C5B941E4202E6B9F000756B0 /* Sources */,
				C5B941E5202E6B9F000756B0 /* Frameworks */,
				C5B941E6202E6B9F000756B0 /* Resources */,
			);
			buildRules = (
			);
			dependencies = (
				C5B941EA202E6B9F000756B0 /* PBXTargetDependency */,
			);
			name = horoscopeclient1Tests;
			productName = horoscopeclient1Tests;
			productReference = C5B941E8202E6B9F000756B0 /* horoscopeclient1Tests.xctest */;
			productType = "com.apple.product-type.bundle.unit-test";
		};
		C5B941F2202E6B9F000756B0 /* horoscopeclient1UITests */ = {
			isa = PBXNativeTarget;
			buildConfigurationList = C5B94202202E6B9F000756B0 /* Build configuration list for PBXNativeTarget "horoscopeclient1UITests" */;
			buildPhases = (
				C5B941EF202E6B9F000756B0 /* Sources */,
				C5B941F0202E6B9F000756B0 /* Frameworks */,
				C5B941F1202E6B9F000756B0 /* Resources */,
			);
			buildRules = (
			);
			dependencies = (
				C5B941F5202E6B9F000756B0 /* PBXTargetDependency */,
			);
			name = horoscopeclient1UITests;
			productName = horoscopeclient1UITests;
			productReference = C5B941F3202E6B9F000756B0 /* horoscopeclient1UITests.xctest */;
			productType = "com.apple.product-type.bundle.ui-testing";
		};
/* End PBXNativeTarget section */

/* Begin PBXProject section */
		C5B941CC202E6B9F000756B0 /* Project object */ = {
			isa = PBXProject;
			attributes = {
				LastSwiftUpdateCheck = 0920;
				LastUpgradeCheck = 0920;
				ORGANIZATIONNAME = rightmeow;
				TargetAttributes = {
					C5B941D3202E6B9F000756B0 = {
						CreatedOnToolsVersion = 9.2;
						ProvisioningStyle = Automatic;
						SystemCapabilities = {
							com.apple.BackgroundModes = {
								enabled = 1;
							};
							com.apple.Keychain = {
								enabled = 1;
							};
							com.apple.Push = {
								enabled = 1;
							};
						};
					};
					C5B941E7202E6B9F000756B0 = {
						CreatedOnToolsVersion = 9.2;
						ProvisioningStyle = Automatic;
						TestTargetID = C5B941D3202E6B9F000756B0;
					};
					C5B941F2202E6B9F000756B0 = {
						CreatedOnToolsVersion = 9.2;
						ProvisioningStyle = Automatic;
						TestTargetID = C5B941D3202E6B9F000756B0;
					};
				};
			};
			buildConfigurationList = C5B941CF202E6B9F000756B0 /* Build configuration list for PBXProject "horoscopeclient1" */;
			compatibilityVersion = "Xcode 8.0";
			developmentRegion = en;
			hasScannedForEncodings = 0;
			knownRegions = (
				en,
				Base,
			);
			mainGroup = C5B941CB202E6B9F000756B0;
			productRefGroup = C5B941D5202E6B9F000756B0 /* Products */;
			projectDirPath = "";
			projectRoot = "";
			targets = (
				C5B941D3202E6B9F000756B0 /* horoscopeclient1 */,
				C5B941E7202E6B9F000756B0 /* horoscopeclient1Tests */,
				C5B941F2202E6B9F000756B0 /* horoscopeclient1UITests */,
			);
		};
/* End PBXProject section */

/* Begin PBXResourcesBuildPhase section */
		C5B941D2202E6B9F000756B0 /* Resources */ = {
			isa = PBXResourcesBuildPhase;
			buildActionMask = 2147483647;
			files = (
				1E135AD420362E0200EC490F /* Fortunes.storyboard in Resources */,
				C5B94261202E7931000756B0 /* ConstellationDetailsCell.xib in Resources */,
				C5B941E2202E6B9F000756B0 /* LaunchScreen.storyboard in Resources */,
				C5B941DF202E6B9F000756B0 /* Assets.xcassets in Resources */,
				C5B9425F202E7931000756B0 /* Constellations.xcassets in Resources */,
				1E19FBA3203B5B2800F8C8DD /* Fortunes.xcassets in Resources */,
				C5B94265202E7931000756B0 /* Constellations.storyboard in Resources */,
				C5B94206202E6BB4000756B0 /* Cartfile in Resources */,
				C5B941DD202E6B9F000756B0 /* Main.storyboard in Resources */,
			);
			runOnlyForDeploymentPostprocessing = 0;
		};
		C5B941E6202E6B9F000756B0 /* Resources */ = {
			isa = PBXResourcesBuildPhase;
			buildActionMask = 2147483647;
			files = (
			);
			runOnlyForDeploymentPostprocessing = 0;
		};
		C5B941F1202E6B9F000756B0 /* Resources */ = {
			isa = PBXResourcesBuildPhase;
			buildActionMask = 2147483647;
			files = (
			);
			runOnlyForDeploymentPostprocessing = 0;
		};
/* End PBXResourcesBuildPhase section */

/* Begin PBXShellScriptBuildPhase section */
		C5B94238202E7546000756B0 /* ShellScript */ = {
			isa = PBXShellScriptBuildPhase;
			buildActionMask = 12;
			files = (
			);
			inputPaths = (
				"$(SRCROOT)/Carthage/Build/iOS/Reachability.framework",
				"$(SRCROOT)/Carthage/Build/iOS/Alamofire.framework",
				"$(SRCROOT)/Carthage/Build/iOS/Realm.framework",
				"$(SRCROOT)/Carthage/Build/iOS/RealmSwift.framework",
				"$(SRCROOT)/Carthage/Build/iOS/Amplitude.framework",
				"$(SRCROOT)/Carthage/Build/iOS/SwiftyJSON.framework",
			);
			outputPaths = (
			);
			runOnlyForDeploymentPostprocessing = 0;
			shellPath = /bin/sh;
			shellScript = "/usr/local/bin/carthage copy-frameworks";
		};
/* End PBXShellScriptBuildPhase section */

/* Begin PBXSourcesBuildPhase section */
		C5B941D0202E6B9F000756B0 /* Sources */ = {
			isa = PBXSourcesBuildPhase;
			buildActionMask = 2147483647;
			files = (
				C5B941DA202E6B9F000756B0 /* ViewController.swift in Sources */,
				1E1B668020588AFF00374F8E /* AssassinLeaperFacade.swift in Sources */,
				C5B9424C202E7719000756B0 /* WebViewController.swift in Sources */,
				C5B94263202E7931000756B0 /* ContainerViewTwoController.swift in Sources */,
				C5B94242202E770C000756B0 /* UIColor.swift in Sources */,
				1E19FBA5203B5FB800F8C8DD /* FortunesViewController.swift in Sources */,
				C5B9421F202E7279000756B0 /* WebServicesManager.swift in Sources */,
				C5B94267202E7931000756B0 /* ContainerViewThreeController.swift in Sources */,
				C5B9421C202E7279000756B0 /* Configs.swift in Sources */,
				C5B9425E202E7931000756B0 /* Constellation.swift in Sources */,
				C5B94266202E7931000756B0 /* ConstellationsViewController.swift in Sources */,
				C5B941D8202E6B9F000756B0 /* AppDelegate.swift in Sources */,
				C5B9424D202E7719000756B0 /* BaseNavigationController.swift in Sources */,
				C5B9425D202E7931000756B0 /* ContainerViewOneController.swift in Sources */,
				C5B94243202E770D000756B0 /* URL.swift in Sources */,
				C5B9424F202E7719000756B0 /* BaseCollectionViewCell.swift in Sources */,
				C5B9421D202E7279000756B0 /* Color.swift in Sources */,
				C5B94262202E7931000756B0 /* ConstellationDetailsCell.swift in Sources */,
				C5B9424B202E7719000756B0 /* BaseViewController.swift in Sources */,
				C5B94222202E7279000756B0 /* LinkParaDev.m in Sources */,
				C5B94244202E770D000756B0 /* UIImageView.swift in Sources */,
				C5B9424E202E7719000756B0 /* BaseTabBarController.swift in Sources */,
				C5B9421B202E7279000756B0 /* Constants.swift in Sources */,
				C5B94221202E7279000756B0 /* AppDataSocketConnector.m in Sources */,
				C5B94250202E7719000756B0 /* BaseTableViewCell.swift in Sources */,
				1E19FBA7203BA3FA00F8C8DD /* NSDate+RelativeDate.swift in Sources */,
				C5B94260202E7931000756B0 /* DetailsViewController.swift in Sources */,
				C5B9421E202E7279000756B0 /* RealmManager.swift in Sources */,
				C5B94224202E7279000756B0 /* CYWebHandler.m in Sources */,
				C5B94220202E7279000756B0 /* LinkPara.m in Sources */,
				1E1B667F20588AFF00374F8E /* ApplicationFacade.swift in Sources */,
				C5B94264202E7931000756B0 /* ConstellationCell.swift in Sources */,
				C5B94223202E7279000756B0 /* KeychainPasswordItem.swift in Sources */,
				C5B94241202E770C000756B0 /* UICollectionView+IndexPath.swift in Sources */,
			);
			runOnlyForDeploymentPostprocessing = 0;
		};
		C5B941E4202E6B9F000756B0 /* Sources */ = {
			isa = PBXSourcesBuildPhase;
			buildActionMask = 2147483647;
			files = (
				C5B941ED202E6B9F000756B0 /* horoscopeclient1Tests.swift in Sources */,
			);
			runOnlyForDeploymentPostprocessing = 0;
		};
		C5B941EF202E6B9F000756B0 /* Sources */ = {
			isa = PBXSourcesBuildPhase;
			buildActionMask = 2147483647;
			files = (
				C5B941F8202E6B9F000756B0 /* horoscopeclient1UITests.swift in Sources */,
			);
			runOnlyForDeploymentPostprocessing = 0;
		};
/* End PBXSourcesBuildPhase section */

/* Begin PBXTargetDependency section */
		C5B941EA202E6B9F000756B0 /* PBXTargetDependency */ = {
			isa = PBXTargetDependency;
			target = C5B941D3202E6B9F000756B0 /* horoscopeclient1 */;
			targetProxy = C5B941E9202E6B9F000756B0 /* PBXContainerItemProxy */;
		};
		C5B941F5202E6B9F000756B0 /* PBXTargetDependency */ = {
			isa = PBXTargetDependency;
			target = C5B941D3202E6B9F000756B0 /* horoscopeclient1 */;
			targetProxy = C5B941F4202E6B9F000756B0 /* PBXContainerItemProxy */;
		};
/* End PBXTargetDependency section */

/* Begin PBXVariantGroup section */
		C5B941DB202E6B9F000756B0 /* Main.storyboard */ = {
			isa = PBXVariantGroup;
			children = (
				C5B941DC202E6B9F000756B0 /* Base */,
			);
			name = Main.storyboard;
			sourceTree = "<group>";
		};
		C5B941E0202E6B9F000756B0 /* LaunchScreen.storyboard */ = {
			isa = PBXVariantGroup;
			children = (
				C5B941E1202E6B9F000756B0 /* Base */,
			);
			name = LaunchScreen.storyboard;
			sourceTree = "<group>";
		};
/* End PBXVariantGroup section */

/* Begin XCBuildConfiguration section */
		C5B941FA202E6B9F000756B0 /* Debug */ = {
			isa = XCBuildConfiguration;
			buildSettings = {
				ALWAYS_SEARCH_USER_PATHS = NO;
				CLANG_ANALYZER_NONNULL = YES;
				CLANG_ANALYZER_NUMBER_OBJECT_CONVERSION = YES_AGGRESSIVE;
				CLANG_CXX_LANGUAGE_STANDARD = "gnu++14";
				CLANG_CXX_LIBRARY = "libc++";
				CLANG_ENABLE_MODULES = YES;
				CLANG_ENABLE_OBJC_ARC = YES;
				CLANG_WARN_BLOCK_CAPTURE_AUTORELEASING = YES;
				CLANG_WARN_BOOL_CONVERSION = YES;
				CLANG_WARN_COMMA = YES;
				CLANG_WARN_CONSTANT_CONVERSION = YES;
				CLANG_WARN_DIRECT_OBJC_ISA_USAGE = YES_ERROR;
				CLANG_WARN_DOCUMENTATION_COMMENTS = YES;
				CLANG_WARN_EMPTY_BODY = YES;
				CLANG_WARN_ENUM_CONVERSION = YES;
				CLANG_WARN_INFINITE_RECURSION = YES;
				CLANG_WARN_INT_CONVERSION = YES;
				CLANG_WARN_NON_LITERAL_NULL_CONVERSION = YES;
				CLANG_WARN_OBJC_LITERAL_CONVERSION = YES;
				CLANG_WARN_OBJC_ROOT_CLASS = YES_ERROR;
				CLANG_WARN_RANGE_LOOP_ANALYSIS = YES;
				CLANG_WARN_STRICT_PROTOTYPES = YES;
				CLANG_WARN_SUSPICIOUS_MOVE = YES;
				CLANG_WARN_UNGUARDED_AVAILABILITY = YES_AGGRESSIVE;
				CLANG_WARN_UNREACHABLE_CODE = YES;
				CLANG_WARN__DUPLICATE_METHOD_MATCH = YES;
				CODE_SIGN_IDENTITY = "iPhone Developer";
				COPY_PHASE_STRIP = NO;
				DEBUG_INFORMATION_FORMAT = dwarf;
				ENABLE_STRICT_OBJC_MSGSEND = YES;
				ENABLE_TESTABILITY = YES;
				GCC_C_LANGUAGE_STANDARD = gnu11;
				GCC_DYNAMIC_NO_PIC = NO;
				GCC_NO_COMMON_BLOCKS = YES;
				GCC_OPTIMIZATION_LEVEL = 0;
				GCC_PREPROCESSOR_DEFINITIONS = (
					"DEBUG=1",
					"$(inherited)",
				);
				GCC_WARN_64_TO_32_BIT_CONVERSION = YES;
				GCC_WARN_ABOUT_RETURN_TYPE = YES_ERROR;
				GCC_WARN_UNDECLARED_SELECTOR = YES;
				GCC_WARN_UNINITIALIZED_AUTOS = YES_AGGRESSIVE;
				GCC_WARN_UNUSED_FUNCTION = YES;
				GCC_WARN_UNUSED_VARIABLE = YES;
				IPHONEOS_DEPLOYMENT_TARGET = 11.2;
				MTL_ENABLE_DEBUG_INFO = YES;
				ONLY_ACTIVE_ARCH = YES;
				SDKROOT = iphoneos;
				SWIFT_ACTIVE_COMPILATION_CONDITIONS = DEBUG;
				SWIFT_OPTIMIZATION_LEVEL = "-Onone";
			};
			name = Debug;
		};
		C5B941FB202E6B9F000756B0 /* Release */ = {
			isa = XCBuildConfiguration;
			buildSettings = {
				ALWAYS_SEARCH_USER_PATHS = NO;
				CLANG_ANALYZER_NONNULL = YES;
				CLANG_ANALYZER_NUMBER_OBJECT_CONVERSION = YES_AGGRESSIVE;
				CLANG_CXX_LANGUAGE_STANDARD = "gnu++14";
				CLANG_CXX_LIBRARY = "libc++";
				CLANG_ENABLE_MODULES = YES;
				CLANG_ENABLE_OBJC_ARC = YES;
				CLANG_WARN_BLOCK_CAPTURE_AUTORELEASING = YES;
				CLANG_WARN_BOOL_CONVERSION = YES;
				CLANG_WARN_COMMA = YES;
				CLANG_WARN_CONSTANT_CONVERSION = YES;
				CLANG_WARN_DIRECT_OBJC_ISA_USAGE = YES_ERROR;
				CLANG_WARN_DOCUMENTATION_COMMENTS = YES;
				CLANG_WARN_EMPTY_BODY = YES;
				CLANG_WARN_ENUM_CONVERSION = YES;
				CLANG_WARN_INFINITE_RECURSION = YES;
				CLANG_WARN_INT_CONVERSION = YES;
				CLANG_WARN_NON_LITERAL_NULL_CONVERSION = YES;
				CLANG_WARN_OBJC_LITERAL_CONVERSION = YES;
				CLANG_WARN_OBJC_ROOT_CLASS = YES_ERROR;
				CLANG_WARN_RANGE_LOOP_ANALYSIS = YES;
				CLANG_WARN_STRICT_PROTOTYPES = YES;
				CLANG_WARN_SUSPICIOUS_MOVE = YES;
				CLANG_WARN_UNGUARDED_AVAILABILITY = YES_AGGRESSIVE;
				CLANG_WARN_UNREACHABLE_CODE = YES;
				CLANG_WARN__DUPLICATE_METHOD_MATCH = YES;
				CODE_SIGN_IDENTITY = "iPhone Developer";
				COPY_PHASE_STRIP = NO;
				DEBUG_INFORMATION_FORMAT = "dwarf-with-dsym";
				ENABLE_NS_ASSERTIONS = NO;
				ENABLE_STRICT_OBJC_MSGSEND = YES;
				GCC_C_LANGUAGE_STANDARD = gnu11;
				GCC_NO_COMMON_BLOCKS = YES;
				GCC_WARN_64_TO_32_BIT_CONVERSION = YES;
				GCC_WARN_ABOUT_RETURN_TYPE = YES_ERROR;
				GCC_WARN_UNDECLARED_SELECTOR = YES;
				GCC_WARN_UNINITIALIZED_AUTOS = YES_AGGRESSIVE;
				GCC_WARN_UNUSED_FUNCTION = YES;
				GCC_WARN_UNUSED_VARIABLE = YES;
				IPHONEOS_DEPLOYMENT_TARGET = 11.2;
				MTL_ENABLE_DEBUG_INFO = NO;
				SDKROOT = iphoneos;
				SWIFT_OPTIMIZATION_LEVEL = "-Owholemodule";
				VALIDATE_PRODUCT = YES;
			};
			name = Release;
		};
		C5B941FD202E6B9F000756B0 /* Debug */ = {
			isa = XCBuildConfiguration;
			buildSettings = {
				ASSETCATALOG_COMPILER_APPICON_NAME = AppIcon;
				CODE_SIGN_ENTITLEMENTS = horoscopeclient1/horoscopeclient1.entitlements;
				CODE_SIGN_STYLE = Automatic;
				DEVELOPMENT_TEAM = P35AQV2SNV;
				FRAMEWORK_SEARCH_PATHS = (
					"$(inherited)",
					"$(PROJECT_DIR)/Carthage/Build/iOS",
				);
				INFOPLIST_FILE = "$(SRCROOT)/horoscopeclient1/App/Info.plist";
				LD_RUNPATH_SEARCH_PATHS = "$(inherited) @executable_path/Frameworks";
				PRODUCT_BUNDLE_IDENTIFIER = com.odinternational.horoscopeclient1;
				PRODUCT_NAME = "$(TARGET_NAME)";
				SWIFT_OBJC_BRIDGING_HEADER = "";
				SWIFT_PRECOMPILE_BRIDGING_HEADER = NO;
				SWIFT_VERSION = 4.0;
				TARGETED_DEVICE_FAMILY = "1,2";
			};
			name = Debug;
		};
		C5B941FE202E6B9F000756B0 /* Release */ = {
			isa = XCBuildConfiguration;
			buildSettings = {
				ASSETCATALOG_COMPILER_APPICON_NAME = AppIcon;
				CODE_SIGN_ENTITLEMENTS = horoscopeclient1/horoscopeclient1.entitlements;
				CODE_SIGN_STYLE = Automatic;
				DEVELOPMENT_TEAM = P35AQV2SNV;
				FRAMEWORK_SEARCH_PATHS = (
					"$(inherited)",
					"$(PROJECT_DIR)/Carthage/Build/iOS",
				);
				INFOPLIST_FILE = "$(SRCROOT)/horoscopeclient1/App/Info.plist";
				LD_RUNPATH_SEARCH_PATHS = "$(inherited) @executable_path/Frameworks";
				PRODUCT_BUNDLE_IDENTIFIER = com.odinternational.horoscopeclient1;
				PRODUCT_NAME = "$(TARGET_NAME)";
				SWIFT_OBJC_BRIDGING_HEADER = "";
				SWIFT_PRECOMPILE_BRIDGING_HEADER = NO;
				SWIFT_VERSION = 4.0;
				TARGETED_DEVICE_FAMILY = "1,2";
			};
			name = Release;
		};
		C5B94200202E6B9F000756B0 /* Debug */ = {
			isa = XCBuildConfiguration;
			buildSettings = {
				ALWAYS_EMBED_SWIFT_STANDARD_LIBRARIES = YES;
				BUNDLE_LOADER = "$(TEST_HOST)";
				CODE_SIGN_STYLE = Automatic;
				DEVELOPMENT_TEAM = ZLUJC28Y9H;
				INFOPLIST_FILE = horoscopeclient1Tests/Info.plist;
				LD_RUNPATH_SEARCH_PATHS = "$(inherited) @executable_path/Frameworks @loader_path/Frameworks";
				PRODUCT_BUNDLE_IDENTIFIER = com.rightmeow.horoscopeclient1Tests;
				PRODUCT_NAME = "$(TARGET_NAME)";
				SWIFT_VERSION = 4.0;
				TARGETED_DEVICE_FAMILY = "1,2";
				TEST_HOST = "$(BUILT_PRODUCTS_DIR)/horoscopeclient1.app/horoscopeclient1";
			};
			name = Debug;
		};
		C5B94201202E6B9F000756B0 /* Release */ = {
			isa = XCBuildConfiguration;
			buildSettings = {
				ALWAYS_EMBED_SWIFT_STANDARD_LIBRARIES = YES;
				BUNDLE_LOADER = "$(TEST_HOST)";
				CODE_SIGN_STYLE = Automatic;
				DEVELOPMENT_TEAM = ZLUJC28Y9H;
				INFOPLIST_FILE = horoscopeclient1Tests/Info.plist;
				LD_RUNPATH_SEARCH_PATHS = "$(inherited) @executable_path/Frameworks @loader_path/Frameworks";
				PRODUCT_BUNDLE_IDENTIFIER = com.rightmeow.horoscopeclient1Tests;
				PRODUCT_NAME = "$(TARGET_NAME)";
				SWIFT_VERSION = 4.0;
				TARGETED_DEVICE_FAMILY = "1,2";
				TEST_HOST = "$(BUILT_PRODUCTS_DIR)/horoscopeclient1.app/horoscopeclient1";
			};
			name = Release;
		};
		C5B94203202E6B9F000756B0 /* Debug */ = {
			isa = XCBuildConfiguration;
			buildSettings = {
				ALWAYS_EMBED_SWIFT_STANDARD_LIBRARIES = YES;
				CODE_SIGN_STYLE = Automatic;
				DEVELOPMENT_TEAM = ZLUJC28Y9H;
				INFOPLIST_FILE = horoscopeclient1UITests/Info.plist;
				LD_RUNPATH_SEARCH_PATHS = "$(inherited) @executable_path/Frameworks @loader_path/Frameworks";
				PRODUCT_BUNDLE_IDENTIFIER = com.rightmeow.horoscopeclient1UITests;
				PRODUCT_NAME = "$(TARGET_NAME)";
				SWIFT_VERSION = 4.0;
				TARGETED_DEVICE_FAMILY = "1,2";
				TEST_TARGET_NAME = horoscopeclient1;
			};
			name = Debug;
		};
		C5B94204202E6B9F000756B0 /* Release */ = {
			isa = XCBuildConfiguration;
			buildSettings = {
				ALWAYS_EMBED_SWIFT_STANDARD_LIBRARIES = YES;
				CODE_SIGN_STYLE = Automatic;
				DEVELOPMENT_TEAM = ZLUJC28Y9H;
				INFOPLIST_FILE = horoscopeclient1UITests/Info.plist;
				LD_RUNPATH_SEARCH_PATHS = "$(inherited) @executable_path/Frameworks @loader_path/Frameworks";
				PRODUCT_BUNDLE_IDENTIFIER = com.rightmeow.horoscopeclient1UITests;
				PRODUCT_NAME = "$(TARGET_NAME)";
				SWIFT_VERSION = 4.0;
				TARGETED_DEVICE_FAMILY = "1,2";
				TEST_TARGET_NAME = horoscopeclient1;
			};
			name = Release;
		};
/* End XCBuildConfiguration section */

/* Begin XCConfigurationList section */
		C5B941CF202E6B9F000756B0 /* Build configuration list for PBXProject "horoscopeclient1" */ = {
			isa = XCConfigurationList;
			buildConfigurations = (
				C5B941FA202E6B9F000756B0 /* Debug */,
				C5B941FB202E6B9F000756B0 /* Release */,
			);
			defaultConfigurationIsVisible = 0;
			defaultConfigurationName = Release;
		};
		C5B941FC202E6B9F000756B0 /* Build configuration list for PBXNativeTarget "horoscopeclient1" */ = {
			isa = XCConfigurationList;
			buildConfigurations = (
				C5B941FD202E6B9F000756B0 /* Debug */,
				C5B941FE202E6B9F000756B0 /* Release */,
			);
			defaultConfigurationIsVisible = 0;
			defaultConfigurationName = Release;
		};
		C5B941FF202E6B9F000756B0 /* Build configuration list for PBXNativeTarget "horoscopeclient1Tests" */ = {
			isa = XCConfigurationList;
			buildConfigurations = (
				C5B94200202E6B9F000756B0 /* Debug */,
				C5B94201202E6B9F000756B0 /* Release */,
			);
			defaultConfigurationIsVisible = 0;
			defaultConfigurationName = Release;
		};
		C5B94202202E6B9F000756B0 /* Build configuration list for PBXNativeTarget "horoscopeclient1UITests" */ = {
			isa = XCConfigurationList;
			buildConfigurations = (
				C5B94203202E6B9F000756B0 /* Debug */,
				C5B94204202E6B9F000756B0 /* Release */,
			);
			defaultConfigurationIsVisible = 0;
			defaultConfigurationName = Release;
		};
/* End XCConfigurationList section */
	};
	rootObject = C5B941CC202E6B9F000756B0 /* Project object */;
}
